
Microsoft Visual Studio Solution File, Format Version 12.00
# Visual Studio 2013
VisualStudioVersion = 12.0.31101.0
MinimumVisualStudioVersion = 10.0.40219.1
Project("{FAE04EC0-301F-11D3-BF4B-00C04F79EFBC}") = "BadCounter", "BadCounter\BadCounter.csproj", "{5261FF31-7CB4-4A7F-A115-D0AB31A53AB0}"
EndProject
Project("{FAE04EC0-301F-11D3-BF4B-00C04F79EFBC}") = "LoopReadHoisting", "InfiniteLoop\LoopReadHoisting.csproj", "{BB32D0AB-212A-4CD4-BC05-5B2A82572F5C}"
EndProject
Project("{FAE04EC0-301F-11D3-BF4B-00C04F79EFBC}") = "Tearing", "Tearing\Tearing.csproj", "{E76FD770-C4D9-4974-8EFF-27F5888525AF}"
EndProject
Project("{FAE04EC0-301F-11D3-BF4B-00C04F79EFBC}") = "DiningPhilosophers", "DiningPhilosophers\DiningPhilosophers.csproj", "{8126E85E-0F87-45C3-A23F-6CC841A6932B}"
EndProject
Global
	GlobalSection(SolutionConfigurationPlatforms) = preSolution
		Debug|Any CPU = Debug|Any CPU
		Release|Any CPU = Release|Any CPU
	EndGlobalSection
	GlobalSection(ProjectConfigurationPlatforms) = postSolution
		{5261FF31-7CB4-4A7F-A115-D0AB31A53AB0}.Debug|Any CPU.ActiveCfg = Debug|Any CPU
		{5261FF31-7CB4-4A7F-A115-D0AB31A53AB0}.Debug|Any CPU.Build.0 = Debug|Any CPU
		{5261FF31-7CB4-4A7F-A115-D0AB31A53AB0}.Release|Any CPU.ActiveCfg = Release|Any CPU
		{5261FF31-7CB4-4A7F-A115-D0AB31A53AB0}.Release|Any CPU.Build.0 = Release|Any CPU
		{BB32D0AB-212A-4CD4-BC05-5B2A82572F5C}.Debug|Any CPU.ActiveCfg = Debug|Any CPU
		{BB32D0AB-212A-4CD4-BC05-5B2A82572F5C}.Debug|Any CPU.Build.0 = Debug|Any CPU
		{BB32D0AB-212A-4CD4-BC05-5B2A82572F5C}.Release|Any CPU.ActiveCfg = Release|Any CPU
		{BB32D0AB-212A-4CD4-BC05-5B2A82572F5C}.Release|Any CPU.Build.0 = Release|Any CPU
		{E76FD770-C4D9-4974-8EFF-27F5888525AF}.Debug|Any CPU.ActiveCfg = Debug|Any CPU
		{E76FD770-C4D9-4974-8EFF-27F5888525AF}.Debug|Any CPU.Build.0 = Debug|Any CPU
		{E76FD770-C4D9-4974-8EFF-27F5888525AF}.Release|Any CPU.ActiveCfg = Release|Any CPU
		{E76FD770-C4D9-4974-8EFF-27F5888525AF}.Release|Any CPU.Build.0 = Release|Any CPU
		{8126E85E-0F87-45C3-A23F-6CC841A6932B}.Debug|Any CPU.ActiveCfg = Debug|Any CPU
		{8126E85E-0F87-45C3-A23F-6CC841A6932B}.Debug|Any CPU.Build.0 = Debug|Any CPU
		{8126E85E-0F87-45C3-A23F-6CC841A6932B}.Release|Any CPU.ActiveCfg = Release|Any CPU
		{8126E85E-0F87-45C3-A23F-6CC841A6932B}.Release|Any CPU.Build.0 = Release|Any CPU
	EndGlobalSection
	GlobalSection(SolutionProperties) = preSolution
		HideSolutionNode = FALSE
	EndGlobalSection
EndGlobal
